
Microsoft Visual Studio Solution File, Format Version 12.00
# Visual Studio Version 17
VisualStudioVersion = 17.8.34330.188
MinimumVisualStudioVersion = 10.0.40219.1
Project("{FAE04EC0-301F-11D3-BF4B-00C04F79EFBC}") = "Domain", "Domain\Domain.csproj", "{B6ADA01D-AB8F-4DD2-BA96-2C6E40D9DDD4}"
EndProject
Project("{FAE04EC0-301F-11D3-BF4B-00C04F79EFBC}") = "Infrastructure", "Infrastructure\Infrastructure.csproj", "{EA705562-BFCF-4420-A636-FE81B7D3EA49}"
EndProject
Project("{FAE04EC0-301F-11D3-BF4B-00C04F79EFBC}") = "Test", "Test\Test.csproj", "{B46591FE-A012-4507-A8F1-65EC62B919DB}"
EndProject
Global
	GlobalSection(SolutionConfigurationPlatforms) = preSolution
		Debug|Any CPU = Debug|Any CPU
		Release|Any CPU = Release|Any CPU
	EndGlobalSection
	GlobalSection(ProjectConfigurationPlatforms) = postSolution
		{B6ADA01D-AB8F-4DD2-BA96-2C6E40D9DDD4}.Debug|Any CPU.ActiveCfg = Debug|Any CPU
		{B6ADA01D-AB8F-4DD2-BA96-2C6E40D9DDD4}.Debug|Any CPU.Build.0 = Debug|Any CPU
		{B6ADA01D-AB8F-4DD2-BA96-2C6E40D9DDD4}.Release|Any CPU.ActiveCfg = Release|Any CPU
		{B6ADA01D-AB8F-4DD2-BA96-2C6E40D9DDD4}.Release|Any CPU.Build.0 = Release|Any CPU
		{EA705562-BFCF-4420-A636-FE81B7D3EA49}.Debug|Any CPU.ActiveCfg = Debug|Any CPU
		{EA705562-BFCF-4420-A636-FE81B7D3EA49}.Debug|Any CPU.Build.0 = Debug|Any CPU
		{EA705562-BFCF-4420-A636-FE81B7D3EA49}.Release|Any CPU.ActiveCfg = Release|Any CPU
		{EA705562-BFCF-4420-A636-FE81B7D3EA49}.Release|Any CPU.Build.0 = Release|Any CPU
		{B46591FE-A012-4507-A8F1-65EC62B919DB}.Debug|Any CPU.ActiveCfg = Debug|Any CPU
		{B46591FE-A012-4507-A8F1-65EC62B919DB}.Debug|Any CPU.Build.0 = Debug|Any CPU
		{B46591FE-A012-4507-A8F1-65EC62B919DB}.Release|Any CPU.ActiveCfg = Release|Any CPU
		{B46591FE-A012-4507-A8F1-65EC62B919DB}.Release|Any CPU.Build.0 = Release|Any CPU
	EndGlobalSection
	GlobalSection(SolutionProperties) = preSolution
		HideSolutionNode = FALSE
	EndGlobalSection
	GlobalSection(ExtensibilityGlobals) = postSolution
		SolutionGuid = {4CE53D26-F568-4895-ACF8-4B4337837185}
	EndGlobalSection
EndGlobal
